{
  "name": "com.tibber",
  "version": "1.0.0",
  "lockfileVersion": 1,
  "requires": true,
  "dependencies": {
    "@types/node": {
      "version": "12.0.2",
      "resolved": "https://registry.npmjs.org/@types/node/-/node-12.0.2.tgz",
      "integrity": "sha512-5tabW/i+9mhrfEOUcLDu2xBPsHJ+X5Orqy9FKpale3SjDA17j5AEpYq5vfy3oAeAHGcvANRCO3NV3d2D6q3NiA=="
    },
    "@types/zen-observable": {
      "version": "0.8.0",
      "resolved": "https://registry.npmjs.org/@types/zen-observable/-/zen-observable-0.8.0.tgz",
      "integrity": "sha512-te5lMAWii1uEJ4FwLjzdlbw3+n0FZNOvFXHxQDKeT0dilh7HOzdMzV2TrJVUzq8ep7J4Na8OUYPRLSQkJHAlrg=="
    },
    "@wry/context": {
      "version": "0.4.1",
      "resolved": "https://registry.npmjs.org/@wry/context/-/context-0.4.1.tgz",
      "integrity": "sha512-ZpIrDGek+IU9wkID/TYSgcYeLXsSM2VkbfAxO4NjWBGeM/OrA9KyNmy8msYlAEKPmKxi3mIbXg3jcb3f6pqnaQ==",
      "requires": {
        "@types/node": "12.0.2",
        "tslib": "1.9.3"
      }
    },
    "apollo-cache": {
      "version": "1.3.0",
      "resolved": "https://registry.npmjs.org/apollo-cache/-/apollo-cache-1.3.0.tgz",
      "integrity": "sha512-voPlvSIDA2pY3+7QwtXPs7o5uSNAVjUKwimyHWoiW0MIZtPxawtOV/Y+BL85R227JqcjPic1El+QToVR8l4ytQ==",
      "requires": {
        "apollo-utilities": "1.3.0",
        "tslib": "1.9.3"
      }
    },
    "apollo-cache-inmemory": {
      "version": "1.6.0",
      "resolved": "https://registry.npmjs.org/apollo-cache-inmemory/-/apollo-cache-inmemory-1.6.0.tgz",
      "integrity": "sha512-Mr86ucMsXnRH9YRvcuuy6kc3dtyRBuVSo8gdxp2sJVuUAtvQ6r/8E+ok2qX84em9ZBAYxoyvPnKeShhvcKiiDw==",
      "requires": {
        "apollo-cache": "1.3.0",
        "apollo-utilities": "1.3.0",
        "optimism": "0.9.5",
        "ts-invariant": "0.4.2",
        "tslib": "1.9.3"
      }
    },
    "apollo-client": {
      "version": "2.6.0",
      "resolved": "https://registry.npmjs.org/apollo-client/-/apollo-client-2.6.0.tgz",
      "integrity": "sha512-Z6oSD45vyw6maktMABXTaJliWdFJy4ihZGxbRh7rY65RWNz0HSm3IX66shLavdNqd4lpOcVuAufJl+w8u6RhLQ==",
      "requires": {
        "@types/zen-observable": "0.8.0",
        "apollo-cache": "1.3.0",
        "apollo-link": "1.2.11",
        "apollo-utilities": "1.3.0",
        "symbol-observable": "1.2.0",
        "ts-invariant": "0.4.2",
        "tslib": "1.9.3",
        "zen-observable": "0.8.14"
      }
    },
    "apollo-link": {
      "version": "1.2.11",
      "resolved": "https://registry.npmjs.org/apollo-link/-/apollo-link-1.2.11.tgz",
      "integrity": "sha512-PQvRCg13VduLy3X/0L79M6uOpTh5iHdxnxYuo8yL7sJlWybKRJwsv4IcRBJpMFbChOOaHY7Og9wgPo6DLKDKDA==",
      "requires": {
        "apollo-utilities": "1.3.0",
        "ts-invariant": "0.3.3",
        "tslib": "1.9.3",
        "zen-observable-ts": "0.8.18"
      },
      "dependencies": {
        "ts-invariant": {
          "version": "0.3.3",
          "resolved": "https://registry.npmjs.org/ts-invariant/-/ts-invariant-0.3.3.tgz",
          "integrity": "sha512-UReOKsrJFGC9tUblgSRWo+BsVNbEd77Cl6WiV/XpMlkifXwNIJbknViCucHvVZkXSC/mcWeRnIGdY7uprcwvdQ==",
          "requires": {
            "tslib": "1.9.3"
          }
        }
      }
    },
    "apollo-link-ws": {
      "version": "1.0.17",
      "resolved": "https://registry.npmjs.org/apollo-link-ws/-/apollo-link-ws-1.0.17.tgz",
      "integrity": "sha512-0PKgahM2BOcUiI3QSJMYXOoUylWKzar5NTZLgMLEW4K/CczOTzC4CTXvKMjh/cx57Jto/U2xzKRy9BEoNfnK5Q==",
      "requires": {
        "apollo-link": "1.2.11",
        "tslib": "1.9.3"
      }
    },
    "apollo-utilities": {
      "version": "1.3.0",
      "resolved": "https://registry.npmjs.org/apollo-utilities/-/apollo-utilities-1.3.0.tgz",
      "integrity": "sha512-wQjV+FdWcTWmWUFlChG5rS0vHKy5OsXC6XlV9STRstQq6VbXANwHy6DHnTEQAfLXWAbNcPgBu+nBUpR3dFhwrA==",
      "requires": {
        "fast-json-stable-stringify": "2.0.0",
        "ts-invariant": "0.4.2",
        "tslib": "1.9.3"
      }
    },
    "async-limiter": {
      "version": "1.0.0",
      "resolved": "https://registry.npmjs.org/async-limiter/-/async-limiter-1.0.0.tgz",
      "integrity": "sha512-jp/uFnooOiO+L211eZOoSyzpOITMXx1rBITauYykG3BRYPu8h0UcxsPNB04RR5vo4Tyz3+ay17tR6JVf9qzYWg=="
    },
    "backo2": {
      "version": "1.0.2",
      "resolved": "https://registry.npmjs.org/backo2/-/backo2-1.0.2.tgz",
      "integrity": "sha1-MasayLEpNjRj41s+u2n038+6eUc="
    },
    "bluebird": {
      "version": "3.5.2",
      "resolved": "https://registry.npmjs.org/bluebird/-/bluebird-3.5.2.tgz",
      "integrity": "sha512-dhHTWMI7kMx5whMQntl7Vr9C6BvV10lFXDAasnqnrMYhXVCzzk6IO9Fo2L75jXHT07WrOngL1WDXOp+yYS91Yg=="
    },
    "cross-fetch": {
      "version": "2.2.2",
      "resolved": "https://registry.npmjs.org/cross-fetch/-/cross-fetch-2.2.2.tgz",
      "integrity": "sha1-pH/09/xxLauo9qaVoRyUhEDUVyM=",
      "requires": {
        "node-fetch": "2.1.2",
        "whatwg-fetch": "2.0.4"
      }
    },
    "eventemitter3": {
      "version": "3.1.2",
      "resolved": "https://registry.npmjs.org/eventemitter3/-/eventemitter3-3.1.2.tgz",
      "integrity": "sha512-tvtQIeLVHjDkJYnzf2dgVMxfuSGJeM/7UCG17TT4EumTfNtF+0nebF/4zWOIkCreAbtNqhGEboB6BWrwqNaw4Q=="
    },
    "fast-json-stable-stringify": {
      "version": "2.0.0",
      "resolved": "https://registry.npmjs.org/fast-json-stable-stringify/-/fast-json-stable-stringify-2.0.0.tgz",
      "integrity": "sha1-1RQsDK7msRifh9OnYREGT4bIu/I="
    },
    "graphql": {
      "version": "14.3.1",
      "resolved": "https://registry.npmjs.org/graphql/-/graphql-14.3.1.tgz",
      "integrity": "sha512-FZm7kAa3FqKdXy8YSSpAoTtyDFMIYSpCDOr+3EqlI1bxmtHu+Vv/I2vrSeT1sBOEnEniX3uo4wFhFdS/8XN6gA==",
      "requires": {
        "iterall": "1.2.2"
      }
    },
    "graphql-request": {
      "version": "1.8.2",
      "resolved": "https://registry.npmjs.org/graphql-request/-/graphql-request-1.8.2.tgz",
      "integrity": "sha512-dDX2M+VMsxXFCmUX0Vo0TopIZIX4ggzOtiCsThgtrKR4niiaagsGTDIHj3fsOMFETpa064vzovI+4YV4QnMbcg==",
      "requires": {
        "cross-fetch": "2.2.2"
      }
    },
    "graphql-tag": {
      "version": "2.10.1",
      "resolved": "https://registry.npmjs.org/graphql-tag/-/graphql-tag-2.10.1.tgz",
      "integrity": "sha512-jApXqWBzNXQ8jYa/HLkZJaVw9jgwNqZkywa2zfFn16Iv1Zb7ELNHkJaXHR7Quvd5SIGsy6Ny7SUKATgnu05uEg=="
    },
    "http.min": {
      "version": "1.3.2",
      "resolved": "https://registry.npmjs.org/http.min/-/http.min-1.3.2.tgz",
      "integrity": "sha1-I833FAQnp8W+F01m96n776267Nc="
    },
    "iterall": {
      "version": "1.2.2",
      "resolved": "https://registry.npmjs.org/iterall/-/iterall-1.2.2.tgz",
      "integrity": "sha512-yynBb1g+RFUPY64fTrFv7nsjRrENBQJaX2UL+2Szc9REFrSNm1rpSXHGzhmAy7a9uv3vlvgBlXnf9RqmPH1/DA=="
    },
    "lodash": {
      "version": "4.17.11",
      "resolved": "https://registry.npmjs.org/lodash/-/lodash-4.17.11.tgz",
      "integrity": "sha512-cQKh8igo5QUhZ7lg38DYWAxMvjSAKG0A8wGSVimP07SIUEK2UO+arSRKbRZWtelMtN5V0Hkwh5ryOto/SshYIg=="
    },
    "moment": {
      "version": "2.22.2",
      "resolved": "https://registry.npmjs.org/moment/-/moment-2.22.2.tgz",
      "integrity": "sha1-PCV/mDn8DpP/UxSWMiOeuQeD/2Y="
    },
    "moment-timezone": {
      "version": "0.5.23",
      "resolved": "https://registry.npmjs.org/moment-timezone/-/moment-timezone-0.5.23.tgz",
      "integrity": "sha512-WHFH85DkCfiNMDX5D3X7hpNH3/PUhjTGcD0U1SgfBGZxJ3qUmJh5FdvaFjcClxOvB3rzdfj4oRffbI38jEnC1w==",
      "requires": {
        "moment": "2.22.2"
      }
    },
    "node-fetch": {
      "version": "2.1.2",
      "resolved": "https://registry.npmjs.org/node-fetch/-/node-fetch-2.1.2.tgz",
      "integrity": "sha1-q4hOjn5X44qUR1POxwb3iNF2i7U="
    },
    "optimism": {
      "version": "0.9.5",
      "resolved": "https://registry.npmjs.org/optimism/-/optimism-0.9.5.tgz",
      "integrity": "sha512-lNvmuBgONAGrUbj/xpH69FjMOz1d0jvMNoOCKyVynUPzq2jgVlGL4jFYJqrUHzUfBv+jAFSCP61x5UkfbduYJA==",
      "requires": {
        "@wry/context": "0.4.1"
      }
    },
    "subscriptions-transport-ws": {
      "version": "0.9.16",
      "resolved": "https://registry.npmjs.org/subscriptions-transport-ws/-/subscriptions-transport-ws-0.9.16.tgz",
      "integrity": "sha512-pQdoU7nC+EpStXnCfh/+ho0zE0Z+ma+i7xvj7bkXKb1dvYHSZxgRPaU6spRP+Bjzow67c/rRDoix5RT0uU9omw==",
      "requires": {
        "backo2": "1.0.2",
        "eventemitter3": "3.1.2",
        "iterall": "1.2.2",
        "symbol-observable": "1.2.0",
        "ws": "5.2.2"
      },
      "dependencies": {
        "ws": {
          "version": "5.2.2",
          "resolved": "https://registry.npmjs.org/ws/-/ws-5.2.2.tgz",
          "integrity": "sha512-jaHFD6PFv6UgoIVda6qZllptQsMlDEJkTQcybzzXDYM1XO9Y8em691FGMPmM46WGyLU4z9KMgQN+qrux/nhlHA==",
          "requires": {
            "async-limiter": "1.0.0"
          }
        }
      }
    },
    "symbol-observable": {
      "version": "1.2.0",
      "resolved": "https://registry.npmjs.org/symbol-observable/-/symbol-observable-1.2.0.tgz",
      "integrity": "sha512-e900nM8RRtGhlV36KGEU9k65K3mPb1WV70OdjfxlG2EAuM1noi/E/BaW/uMhL7bPEssK8QV57vN3esixjUvcXQ=="
    },
    "ts-invariant": {
      "version": "0.4.2",
      "resolved": "https://registry.npmjs.org/ts-invariant/-/ts-invariant-0.4.2.tgz",
      "integrity": "sha512-PTAAn8lJPEdRBJJEs4ig6MVZWfO12yrFzV7YaPslmyhG7+4MA279y4BXT3f72gXeVl0mC1aAWq2rMX4eKTWU/Q==",
      "requires": {
        "tslib": "1.9.3"
      }
    },
    "tslib": {
      "version": "1.9.3",
      "resolved": "https://registry.npmjs.org/tslib/-/tslib-1.9.3.tgz",
      "integrity": "sha512-4krF8scpejhaOgqzBEcGM7yDIEfi0/8+8zDRZhNZZ2kjmHJ4hv3zCbQWxoJGz1iw5U0Jl0nma13xzHXcncMavQ=="
    },
    "whatwg-fetch": {
      "version": "2.0.4",
      "resolved": "https://registry.npmjs.org/whatwg-fetch/-/whatwg-fetch-2.0.4.tgz",
      "integrity": "sha512-dcQ1GWpOD/eEQ97k66aiEVpNnapVj90/+R+SXTPYGHpYBBypfKJEQjLrvMZ7YXbKm21gXd4NcuxUTjiv1YtLng=="
    },
    "ws": {
      "version": "6.2.1",
      "resolved": "https://registry.npmjs.org/ws/-/ws-6.2.1.tgz",
      "integrity": "sha512-GIyAXC2cB7LjvpgMt9EKS2ldqr0MTrORaleiOno6TweZ6r3TKtoFQWay/2PceJ3RuBasOHzXNn5Lrw1X0bEjqA==",
      "requires": {
        "async-limiter": "1.0.0"
      }
    },
    "zen-observable": {
      "version": "0.8.14",
      "resolved": "https://registry.npmjs.org/zen-observable/-/zen-observable-0.8.14.tgz",
      "integrity": "sha512-kQz39uonEjEESwh+qCi83kcC3rZJGh4mrZW7xjkSQYXkq//JZHTtKo+6yuVloTgMtzsIWOJrjIrKvk/dqm0L5g=="
    },
    "zen-observable-ts": {
      "version": "0.8.18",
      "resolved": "https://registry.npmjs.org/zen-observable-ts/-/zen-observable-ts-0.8.18.tgz",
      "integrity": "sha512-q7d05s75Rn1j39U5Oapg3HI2wzriVwERVo4N7uFGpIYuHB9ff02P/E92P9B8T7QVC93jCMHpbXH7X0eVR5LA7A==",
      "requires": {
        "tslib": "1.9.3",
        "zen-observable": "0.8.14"
      }
    }
  }
}
